
Microsoft Visual Studio Solution File, Format Version 12.00
# Visual Studio Version 17
VisualStudioVersion = 17.0.31912.275
MinimumVisualStudioVersion = 10.0.40219.1
Project("{9A19103F-16F7-4668-BE54-9A1E7A4F7556}") = "WordFrequency", "WordFrequency\WordFrequency.csproj", "{1A2FBEDF-9544-4E44-87A6-E5616BC3246F}"
EndProject
Project("{FAE04EC0-301F-11D3-BF4B-00C04F79EFBC}") = "WordFrequency.Tests", "WordFrequency.Tests\WordFrequency.Tests.csproj", "{ABC635A7-6AE5-4A85-8C99-E16EFA1E38B3}"
EndProject
Global
	GlobalSection(SolutionConfigurationPlatforms) = preSolution
		Debug|Any CPU = Debug|Any CPU
		Release|Any CPU = Release|Any CPU
	EndGlobalSection
	GlobalSection(ProjectConfigurationPlatforms) = postSolution
		{1A2FBEDF-9544-4E44-87A6-E5616BC3246F}.Debug|Any CPU.ActiveCfg = Debug|Any CPU
		{1A2FBEDF-9544-4E44-87A6-E5616BC3246F}.Debug|Any CPU.Build.0 = Debug|Any CPU
		{1A2FBEDF-9544-4E44-87A6-E5616BC3246F}.Release|Any CPU.ActiveCfg = Release|Any CPU
		{1A2FBEDF-9544-4E44-87A6-E5616BC3246F}.Release|Any CPU.Build.0 = Release|Any CPU
		{ABC635A7-6AE5-4A85-8C99-E16EFA1E38B3}.Debug|Any CPU.ActiveCfg = Debug|Any CPU
		{ABC635A7-6AE5-4A85-8C99-E16EFA1E38B3}.Debug|Any CPU.Build.0 = Debug|Any CPU
		{ABC635A7-6AE5-4A85-8C99-E16EFA1E38B3}.Release|Any CPU.ActiveCfg = Release|Any CPU
		{ABC635A7-6AE5-4A85-8C99-E16EFA1E38B3}.Release|Any CPU.Build.0 = Release|Any CPU
	EndGlobalSection
	GlobalSection(SolutionProperties) = preSolution
		HideSolutionNode = FALSE
	EndGlobalSection
	GlobalSection(ExtensibilityGlobals) = postSolution
		SolutionGuid = {308A2AE2-42D3-4587-B3DF-BD9B42FEAA98}
	EndGlobalSection
EndGlobal
